<?xml version="1.0" encoding="utf-8"?>
<Project ToolsVersion="4.0" xmlns="http://schemas.microsoft.com/developer/msbuild/2003">
  <ItemGroup>
    <Filter Include="win32">
      <UniqueIdentifier>{84a8ebd7-7cf0-47f6-b75e-d441df67da40}</UniqueIdentifier>
    </Filter>
    <Filter Include="resource">
      <UniqueIdentifier>{715254bc-d70b-4ec5-bf29-467dd3ace079}</UniqueIdentifier>
    </Filter>
    <Filter Include="src">
      <UniqueIdentifier>{bb6c862e-70e9-49d9-81b7-3829a6f50471}</UniqueIdentifier>
    </Filter>
    <Filter Include="src\FrameWork">
      <UniqueIdentifier>{41a88ee0-ec08-4ba4-9070-4d8d5ed3b88a}</UniqueIdentifier>
    </Filter>
    <Filter Include="src\FrameWork\Data">
      <UniqueIdentifier>{8e9f2f8a-5263-4eb6-913f-e1cd997493fb}</UniqueIdentifier>
    </Filter>
    <Filter Include="src\FrameWork\WorkPart">
      <UniqueIdentifier>{8ef5f8f0-7b07-4b49-bfd8-e51dd580e875}</UniqueIdentifier>
    </Filter>
    <Filter Include="src\FrameWork\Principal">
      <UniqueIdentifier>{081d09f7-6334-4c54-a92e-2668071ffd5f}</UniqueIdentifier>
    </Filter>
  </ItemGroup>
  <ItemGroup>
    <ClCompile Include="main.cpp">
      <Filter>win32</Filter>
    </ClCompile>
    <ClCompile Include="..\Classes\AppDelegate.cpp">
      <Filter>src</Filter>
    </ClCompile>
    <ClCompile Include="..\Classes\HelloWorldScene.cpp">
      <Filter>src</Filter>
    </ClCompile>
    <ClCompile Include="..\Classes\GameCommand.cpp">
      <Filter>src\FrameWork\Principal</Filter>
    </ClCompile>
    <ClCompile Include="..\Classes\GamePrincipal.cpp">
      <Filter>src\FrameWork\Principal</Filter>
    </ClCompile>
    <ClCompile Include="..\Classes\GamePaint.cpp">
      <Filter>src\FrameWork\WorkPart</Filter>
    </ClCompile>
    <ClCompile Include="..\Classes\GamePaintPool.cpp">
      <Filter>src\FrameWork\Data</Filter>
    </ClCompile>
    <ClCompile Include="..\Classes\GameCalculate.cpp">
      <Filter>src\FrameWork\WorkPart</Filter>
    </ClCompile>
    <ClCompile Include="..\Classes\GameLive.cpp">
      <Filter>src\FrameWork\Data</Filter>
    </ClCompile>
    <ClCompile Include="..\Classes\GameBase.cpp">
      <Filter>src\FrameWork\Data</Filter>
    </ClCompile>
    <ClCompile Include="..\Classes\GameUI.cpp">
      <Filter>src\FrameWork\WorkPart</Filter>
    </ClCompile>
  </ItemGroup>
  <ItemGroup>
    <ClInclude Include="main.h">
      <Filter>win32</Filter>
    </ClInclude>
    <ClInclude Include="..\Classes\AppDelegate.h">
      <Filter>src</Filter>
    </ClInclude>
    <ClInclude Include="..\Classes\HelloWorldScene.h">
      <Filter>src</Filter>
    </ClInclude>
    <ClInclude Include="..\Classes\GameCommand.h">
      <Filter>src\FrameWork\Principal</Filter>
    </ClInclude>
    <ClInclude Include="..\Classes\GamePrincipal.h">
      <Filter>src\FrameWork\Principal</Filter>
    </ClInclude>
    <ClInclude Include="..\Classes\GamePaintPool.h">
      <Filter>src\FrameWork\Data</Filter>
    </ClInclude>
    <ClInclude Include="..\Classes\GameCalculate.h">
      <Filter>src\FrameWork\WorkPart</Filter>
    </ClInclude>
    <ClInclude Include="..\Classes\GameLive.h">
      <Filter>src\FrameWork\Data</Filter>
    </ClInclude>
    <ClInclude Include="..\Classes\GameBase.h">
      <Filter>src\FrameWork\Data</Filter>
    </ClInclude>
    <ClInclude Include="..\Classes\GameUI.h">
      <Filter>src\FrameWork\WorkPart</Filter>
    </ClInclude>
    <ClInclude Include="..\Classes\ClassHeader.h">
      <Filter>src\FrameWork\Data</Filter>
    </ClInclude>
    <ClInclude Include="..\Classes\GamePaint.h">
      <Filter>src\FrameWork\WorkPart</Filter>
    </ClInclude>
  </ItemGroup>
  <ItemGroup>
    <ResourceCompile Include="game.rc">
      <Filter>resource</Filter>
    </ResourceCompile>
  </ItemGroup>
</Project>